
Microsoft Visual Studio Solution File, Format Version 12.00
# Visual Studio Version 17
VisualStudioVersion = 17.11.35222.181
MinimumVisualStudioVersion = 10.0.40219.1
Project("{FAE04EC0-301F-11D3-BF4B-00C04F79EFBC}") = "TRON", "TRON\TRON.csproj", "{A8C4F31A-D116-4A0D-B0E9-5DBF150744A1}"
EndProject
Global
	GlobalSection(SolutionConfigurationPlatforms) = preSolution
		Debug|Any CPU = Debug|Any CPU
		Release|Any CPU = Release|Any CPU
	EndGlobalSection
	GlobalSection(ProjectConfigurationPlatforms) = postSolution
		{A8C4F31A-D116-4A0D-B0E9-5DBF150744A1}.Debug|Any CPU.ActiveCfg = Debug|Any CPU
		{A8C4F31A-D116-4A0D-B0E9-5DBF150744A1}.Debug|Any CPU.Build.0 = Debug|Any CPU
		{A8C4F31A-D116-4A0D-B0E9-5DBF150744A1}.Release|Any CPU.ActiveCfg = Release|Any CPU
		{A8C4F31A-D116-4A0D-B0E9-5DBF150744A1}.Release|Any CPU.Build.0 = Release|Any CPU
	EndGlobalSection
	GlobalSection(SolutionProperties) = preSolution
		HideSolutionNode = FALSE
	EndGlobalSection
	GlobalSection(ExtensibilityGlobals) = postSolution
		SolutionGuid = {6018A1C9-43F9-4590-A2ED-98D1D17A8CA3}
	EndGlobalSection
EndGlobal
